
Microsoft Visual Studio Solution File, Format Version 12.00
# Visual Studio Version 17
VisualStudioVersion = 17.10.35013.160
MinimumVisualStudioVersion = 10.0.40219.1
Project("{9A19103F-16F7-4668-BE54-9A1E7A4F7556}") = "LicenseServer.Database", "LicenseServer.Database\LicenseServer.Database.csproj", "{F59831DA-B827-4D25-AA6A-AA384F51B640}"
EndProject
Project("{9A19103F-16F7-4668-BE54-9A1E7A4F7556}") = "LicenseServer.Domain", "LicenseServer.Domain\LicenseServer.Domain.csproj", "{DEEAE8AC-A62C-441B-BEF3-855C30F85F3B}"
EndProject
Project("{9A19103F-16F7-4668-BE54-9A1E7A4F7556}") = "LicenseServer.Web", "LicenseServer.Web\LicenseServer.Web.csproj", "{0BAF8C97-9752-4570-9DA8-1A94D5372869}"
EndProject
Project("{FAE04EC0-301F-11D3-BF4B-00C04F79EFBC}") = "LicenseServer.UnitTests", "LicenseServer.UnitTests\LicenseServer.UnitTests.csproj", "{7228328B-96C8-4221-B311-0D5F48E4BF10}"
EndProject
Global
	GlobalSection(SolutionConfigurationPlatforms) = preSolution
		Debug|Any CPU = Debug|Any CPU
		Release|Any CPU = Release|Any CPU
	EndGlobalSection
	GlobalSection(ProjectConfigurationPlatforms) = postSolution
		{F59831DA-B827-4D25-AA6A-AA384F51B640}.Debug|Any CPU.ActiveCfg = Debug|Any CPU
		{F59831DA-B827-4D25-AA6A-AA384F51B640}.Debug|Any CPU.Build.0 = Debug|Any CPU
		{F59831DA-B827-4D25-AA6A-AA384F51B640}.Release|Any CPU.ActiveCfg = Release|Any CPU
		{F59831DA-B827-4D25-AA6A-AA384F51B640}.Release|Any CPU.Build.0 = Release|Any CPU
		{DEEAE8AC-A62C-441B-BEF3-855C30F85F3B}.Debug|Any CPU.ActiveCfg = Debug|Any CPU
		{DEEAE8AC-A62C-441B-BEF3-855C30F85F3B}.Debug|Any CPU.Build.0 = Debug|Any CPU
		{DEEAE8AC-A62C-441B-BEF3-855C30F85F3B}.Release|Any CPU.ActiveCfg = Release|Any CPU
		{DEEAE8AC-A62C-441B-BEF3-855C30F85F3B}.Release|Any CPU.Build.0 = Release|Any CPU
		{0BAF8C97-9752-4570-9DA8-1A94D5372869}.Debug|Any CPU.ActiveCfg = Debug|Any CPU
		{0BAF8C97-9752-4570-9DA8-1A94D5372869}.Debug|Any CPU.Build.0 = Debug|Any CPU
		{0BAF8C97-9752-4570-9DA8-1A94D5372869}.Release|Any CPU.ActiveCfg = Release|Any CPU
		{0BAF8C97-9752-4570-9DA8-1A94D5372869}.Release|Any CPU.Build.0 = Release|Any CPU
		{7228328B-96C8-4221-B311-0D5F48E4BF10}.Debug|Any CPU.ActiveCfg = Debug|Any CPU
		{7228328B-96C8-4221-B311-0D5F48E4BF10}.Debug|Any CPU.Build.0 = Debug|Any CPU
		{7228328B-96C8-4221-B311-0D5F48E4BF10}.Release|Any CPU.ActiveCfg = Release|Any CPU
		{7228328B-96C8-4221-B311-0D5F48E4BF10}.Release|Any CPU.Build.0 = Release|Any CPU
	EndGlobalSection
	GlobalSection(SolutionProperties) = preSolution
		HideSolutionNode = FALSE
	EndGlobalSection
	GlobalSection(ExtensibilityGlobals) = postSolution
		SolutionGuid = {A3D25921-4201-4DD3-9520-563B9819B83B}
	EndGlobalSection
EndGlobal
